
Microsoft Visual Studio Solution File, Format Version 12.00
# Visual Studio Version 17
VisualStudioVersion = 17.0.31903.59
MinimumVisualStudioVersion = 10.0.40219.1
Project("{2150E333-8FDC-42A3-9474-1A3956D46DE8}") = "src", "src", "{827E0CD3-B72D-47B6-A68D-7590B98EB39B}"
EndProject
Project("{2150E333-8FDC-42A3-9474-1A3956D46DE8}") = "Core", "Core", "{8D626EA8-CB54-BC41-363A-217881BEBA6E}"
EndProject
Project("{FAE04EC0-301F-11D3-BF4B-00C04F79EFBC}") = "Degerli.Core", "src\Core\Degerli.Core.csproj", "{4FB19137-4C6E-4C5F-B36E-75C59A2B0930}"
EndProject
Project("{2150E333-8FDC-42A3-9474-1A3956D46DE8}") = "Ingestion", "Ingestion", "{6999BB95-48D9-2F89-3C7F-00564788F543}"
EndProject
Project("{FAE04EC0-301F-11D3-BF4B-00C04F79EFBC}") = "Degerli.Ingestion", "src\Ingestion\Degerli.Ingestion.csproj", "{0CAD1021-4916-4124-8F50-0E251961E6B8}"
EndProject
Project("{2150E333-8FDC-42A3-9474-1A3956D46DE8}") = "Api", "Api", "{81034408-37C8-1011-444E-4C15C2FADA8E}"
EndProject
Project("{FAE04EC0-301F-11D3-BF4B-00C04F79EFBC}") = "Degerli.Api", "src\Api\Degerli.Api.csproj", "{AFADBC3E-2423-4818-A5C9-AF7F16276137}"
EndProject
Project("{2150E333-8FDC-42A3-9474-1A3956D46DE8}") = "ContentPipeline", "ContentPipeline", "{592FA130-ED00-5375-A252-2D80F28C7982}"
EndProject
Project("{FAE04EC0-301F-11D3-BF4B-00C04F79EFBC}") = "Degerli.ContentPipeline", "src\ContentPipeline\Degerli.ContentPipeline.csproj", "{1C0FCAB1-D99B-40EE-984B-9F34CB64C601}"
EndProject
Project("{FAE04EC0-301F-11D3-BF4B-00C04F79EFBC}") = "Degerli.Persistence", "src\Persistence\Degerli.Persistence.csproj", "{0E89214D-0155-48E4-866B-EC2E1A270BD9}"
EndProject
Project("{2150E333-8FDC-42A3-9474-1A3956D46DE8}") = "tests", "tests", "{0AB3BF05-4346-4AA6-1389-037BE0695223}"
EndProject
Project("{FAE04EC0-301F-11D3-BF4B-00C04F79EFBC}") = "Degerli.Api.IntegrationTests", "tests\Api.IntegrationTests\Degerli.Api.IntegrationTests.csproj", "{729A6B50-1CDA-47A5-B357-801A1EA7FF9B}"
EndProject
Project("{FAE04EC0-301F-11D3-BF4B-00C04F79EFBC}") = "Degerli.Core.UnitTests", "tests\Core.UnitTests\Degerli.Core.UnitTests.csproj", "{B3C1E6A2-7F0D-4A8E-9C21-5D6B7E4F2A10}"
EndProject
Global
	GlobalSection(SolutionConfigurationPlatforms) = preSolution
		Debug|Any CPU = Debug|Any CPU
		Debug|x64 = Debug|x64
		Debug|x86 = Debug|x86
		Release|Any CPU = Release|Any CPU
		Release|x64 = Release|x64
		Release|x86 = Release|x86
	EndGlobalSection
	GlobalSection(ProjectConfigurationPlatforms) = postSolution
		{4FB19137-4C6E-4C5F-B36E-75C59A2B0930}.Debug|Any CPU.ActiveCfg = Debug|Any CPU
		{4FB19137-4C6E-4C5F-B36E-75C59A2B0930}.Debug|Any CPU.Build.0 = Debug|Any CPU
		{4FB19137-4C6E-4C5F-B36E-75C59A2B0930}.Debug|x64.ActiveCfg = Debug|Any CPU
		{4FB19137-4C6E-4C5F-B36E-75C59A2B0930}.Debug|x64.Build.0 = Debug|Any CPU
		{4FB19137-4C6E-4C5F-B36E-75C59A2B0930}.Debug|x86.ActiveCfg = Debug|Any CPU
		{4FB19137-4C6E-4C5F-B36E-75C59A2B0930}.Debug|x86.Build.0 = Debug|Any CPU
		{4FB19137-4C6E-4C5F-B36E-75C59A2B0930}.Release|Any CPU.ActiveCfg = Release|Any CPU
		{4FB19137-4C6E-4C5F-B36E-75C59A2B0930}.Release|Any CPU.Build.0 = Release|Any CPU
		{4FB19137-4C6E-4C5F-B36E-75C59A2B0930}.Release|x64.ActiveCfg = Release|Any CPU
		{4FB19137-4C6E-4C5F-B36E-75C59A2B0930}.Release|x64.Build.0 = Release|Any CPU
		{4FB19137-4C6E-4C5F-B36E-75C59A2B0930}.Release|x86.ActiveCfg = Release|Any CPU
		{4FB19137-4C6E-4C5F-B36E-75C59A2B0930}.Release|x86.Build.0 = Release|Any CPU
		{0CAD1021-4916-4124-8F50-0E251961E6B8}.Debug|Any CPU.ActiveCfg = Debug|Any CPU
		{0CAD1021-4916-4124-8F50-0E251961E6B8}.Debug|Any CPU.Build.0 = Debug|Any CPU
		{0CAD1021-4916-4124-8F50-0E251961E6B8}.Debug|x64.ActiveCfg = Debug|Any CPU
		{0CAD1021-4916-4124-8F50-0E251961E6B8}.Debug|x64.Build.0 = Debug|Any CPU
		{0CAD1021-4916-4124-8F50-0E251961E6B8}.Debug|x86.ActiveCfg = Debug|Any CPU
		{0CAD1021-4916-4124-8F50-0E251961E6B8}.Debug|x86.Build.0 = Debug|Any CPU
		{0CAD1021-4916-4124-8F50-0E251961E6B8}.Release|Any CPU.ActiveCfg = Release|Any CPU
		{0CAD1021-4916-4124-8F50-0E251961E6B8}.Release|Any CPU.Build.0 = Release|Any CPU
		{0CAD1021-4916-4124-8F50-0E251961E6B8}.Release|x64.ActiveCfg = Release|Any CPU
		{0CAD1021-4916-4124-8F50-0E251961E6B8}.Release|x64.Build.0 = Release|Any CPU
		{0CAD1021-4916-4124-8F50-0E251961E6B8}.Release|x86.ActiveCfg = Release|Any CPU
		{0CAD1021-4916-4124-8F50-0E251961E6B8}.Release|x86.Build.0 = Release|Any CPU
		{AFADBC3E-2423-4818-A5C9-AF7F16276137}.Debug|Any CPU.ActiveCfg = Debug|Any CPU
		{AFADBC3E-2423-4818-A5C9-AF7F16276137}.Debug|Any CPU.Build.0 = Debug|Any CPU
		{AFADBC3E-2423-4818-A5C9-AF7F16276137}.Debug|x64.ActiveCfg = Debug|Any CPU
		{AFADBC3E-2423-4818-A5C9-AF7F16276137}.Debug|x64.Build.0 = Debug|Any CPU
		{AFADBC3E-2423-4818-A5C9-AF7F16276137}.Debug|x86.ActiveCfg = Debug|Any CPU
		{AFADBC3E-2423-4818-A5C9-AF7F16276137}.Debug|x86.Build.0 = Debug|Any CPU
		{AFADBC3E-2423-4818-A5C9-AF7F16276137}.Release|Any CPU.ActiveCfg = Release|Any CPU
		{AFADBC3E-2423-4818-A5C9-AF7F16276137}.Release|Any CPU.Build.0 = Release|Any CPU
		{AFADBC3E-2423-4818-A5C9-AF7F16276137}.Release|x64.ActiveCfg = Release|Any CPU
		{AFADBC3E-2423-4818-A5C9-AF7F16276137}.Release|x64.Build.0 = Release|Any CPU
		{AFADBC3E-2423-4818-A5C9-AF7F16276137}.Release|x86.ActiveCfg = Release|Any CPU
		{AFADBC3E-2423-4818-A5C9-AF7F16276137}.Release|x86.Build.0 = Release|Any CPU
		{1C0FCAB1-D99B-40EE-984B-9F34CB64C601}.Debug|Any CPU.ActiveCfg = Debug|Any CPU
		{1C0FCAB1-D99B-40EE-984B-9F34CB64C601}.Debug|Any CPU.Build.0 = Debug|Any CPU
		{1C0FCAB1-D99B-40EE-984B-9F34CB64C601}.Debug|x64.ActiveCfg = Debug|Any CPU
		{1C0FCAB1-D99B-40EE-984B-9F34CB64C601}.Debug|x64.Build.0 = Debug|Any CPU
		{1C0FCAB1-D99B-40EE-984B-9F34CB64C601}.Debug|x86.ActiveCfg = Debug|Any CPU
		{1C0FCAB1-D99B-40EE-984B-9F34CB64C601}.Debug|x86.Build.0 = Debug|Any CPU
		{1C0FCAB1-D99B-40EE-984B-9F34CB64C601}.Release|Any CPU.ActiveCfg = Release|Any CPU
		{1C0FCAB1-D99B-40EE-984B-9F34CB64C601}.Release|Any CPU.Build.0 = Release|Any CPU
		{1C0FCAB1-D99B-40EE-984B-9F34CB64C601}.Release|x64.ActiveCfg = Release|Any CPU
		{1C0FCAB1-D99B-40EE-984B-9F34CB64C601}.Release|x64.Build.0 = Release|Any CPU
		{1C0FCAB1-D99B-40EE-984B-9F34CB64C601}.Release|x86.ActiveCfg = Release|Any CPU
		{1C0FCAB1-D99B-40EE-984B-9F34CB64C601}.Release|x86.Build.0 = Release|Any CPU
		{0E89214D-0155-48E4-866B-EC2E1A270BD9}.Debug|Any CPU.ActiveCfg = Debug|Any CPU
		{0E89214D-0155-48E4-866B-EC2E1A270BD9}.Debug|Any CPU.Build.0 = Debug|Any CPU
		{0E89214D-0155-48E4-866B-EC2E1A270BD9}.Debug|x64.ActiveCfg = Debug|Any CPU
		{0E89214D-0155-48E4-866B-EC2E1A270BD9}.Debug|x64.Build.0 = Debug|Any CPU
		{0E89214D-0155-48E4-866B-EC2E1A270BD9}.Debug|x86.ActiveCfg = Debug|Any CPU
		{0E89214D-0155-48E4-866B-EC2E1A270BD9}.Debug|x86.Build.0 = Debug|Any CPU
		{0E89214D-0155-48E4-866B-EC2E1A270BD9}.Release|Any CPU.ActiveCfg = Release|Any CPU
		{0E89214D-0155-48E4-866B-EC2E1A270BD9}.Release|Any CPU.Build.0 = Release|Any CPU
		{0E89214D-0155-48E4-866B-EC2E1A270BD9}.Release|x64.ActiveCfg = Release|Any CPU
		{0E89214D-0155-48E4-866B-EC2E1A270BD9}.Release|x64.Build.0 = Release|Any CPU
		{0E89214D-0155-48E4-866B-EC2E1A270BD9}.Release|x86.ActiveCfg = Release|Any CPU
		{0E89214D-0155-48E4-866B-EC2E1A270BD9}.Release|x86.Build.0 = Release|Any CPU
		{729A6B50-1CDA-47A5-B357-801A1EA7FF9B}.Debug|Any CPU.ActiveCfg = Debug|Any CPU
		{729A6B50-1CDA-47A5-B357-801A1EA7FF9B}.Debug|Any CPU.Build.0 = Debug|Any CPU
		{729A6B50-1CDA-47A5-B357-801A1EA7FF9B}.Debug|x64.ActiveCfg = Debug|Any CPU
		{729A6B50-1CDA-47A5-B357-801A1EA7FF9B}.Debug|x64.Build.0 = Debug|Any CPU
		{729A6B50-1CDA-47A5-B357-801A1EA7FF9B}.Debug|x86.ActiveCfg = Debug|Any CPU
		{729A6B50-1CDA-47A5-B357-801A1EA7FF9B}.Debug|x86.Build.0 = Debug|Any CPU
		{729A6B50-1CDA-47A5-B357-801A1EA7FF9B}.Release|Any CPU.ActiveCfg = Release|Any CPU
		{729A6B50-1CDA-47A5-B357-801A1EA7FF9B}.Release|Any CPU.Build.0 = Release|Any CPU
		{729A6B50-1CDA-47A5-B357-801A1EA7FF9B}.Release|x64.ActiveCfg = Release|Any CPU
		{729A6B50-1CDA-47A5-B357-801A1EA7FF9B}.Release|x64.Build.0 = Release|Any CPU
		{729A6B50-1CDA-47A5-B357-801A1EA7FF9B}.Release|x86.ActiveCfg = Release|Any CPU
		{729A6B50-1CDA-47A5-B357-801A1EA7FF9B}.Release|x86.Build.0 = Release|Any CPU
		{B3C1E6A2-7F0D-4A8E-9C21-5D6B7E4F2A10}.Debug|Any CPU.ActiveCfg = Debug|Any CPU
		{B3C1E6A2-7F0D-4A8E-9C21-5D6B7E4F2A10}.Debug|Any CPU.Build.0 = Debug|Any CPU
		{B3C1E6A2-7F0D-4A8E-9C21-5D6B7E4F2A10}.Debug|x64.ActiveCfg = Debug|Any CPU
		{B3C1E6A2-7F0D-4A8E-9C21-5D6B7E4F2A10}.Debug|x64.Build.0 = Debug|Any CPU
		{B3C1E6A2-7F0D-4A8E-9C21-5D6B7E4F2A10}.Debug|x86.ActiveCfg = Debug|Any CPU
		{B3C1E6A2-7F0D-4A8E-9C21-5D6B7E4F2A10}.Debug|x86.Build.0 = Debug|Any CPU
		{B3C1E6A2-7F0D-4A8E-9C21-5D6B7E4F2A10}.Release|Any CPU.ActiveCfg = Release|Any CPU
		{B3C1E6A2-7F0D-4A8E-9C21-5D6B7E4F2A10}.Release|Any CPU.Build.0 = Release|Any CPU
		{B3C1E6A2-7F0D-4A8E-9C21-5D6B7E4F2A10}.Release|x64.ActiveCfg = Release|Any CPU
		{B3C1E6A2-7F0D-4A8E-9C21-5D6B7E4F2A10}.Release|x64.Build.0 = Release|Any CPU
		{B3C1E6A2-7F0D-4A8E-9C21-5D6B7E4F2A10}.Release|x86.ActiveCfg = Release|Any CPU
		{B3C1E6A2-7F0D-4A8E-9C21-5D6B7E4F2A10}.Release|x86.Build.0 = Release|Any CPU
	EndGlobalSection
	GlobalSection(SolutionProperties) = preSolution
		HideSolutionNode = FALSE
	EndGlobalSection
	GlobalSection(NestedProjects) = preSolution
		{8D626EA8-CB54-BC41-363A-217881BEBA6E} = {827E0CD3-B72D-47B6-A68D-7590B98EB39B}
		{4FB19137-4C6E-4C5F-B36E-75C59A2B0930} = {8D626EA8-CB54-BC41-363A-217881BEBA6E}
		{6999BB95-48D9-2F89-3C7F-00564788F543} = {827E0CD3-B72D-47B6-A68D-7590B98EB39B}
		{0CAD1021-4916-4124-8F50-0E251961E6B8} = {6999BB95-48D9-2F89-3C7F-00564788F543}
		{81034408-37C8-1011-444E-4C15C2FADA8E} = {827E0CD3-B72D-47B6-A68D-7590B98EB39B}
		{AFADBC3E-2423-4818-A5C9-AF7F16276137} = {81034408-37C8-1011-444E-4C15C2FADA8E}
		{592FA130-ED00-5375-A252-2D80F28C7982} = {827E0CD3-B72D-47B6-A68D-7590B98EB39B}
		{1C0FCAB1-D99B-40EE-984B-9F34CB64C601} = {592FA130-ED00-5375-A252-2D80F28C7982}
		{0E89214D-0155-48E4-866B-EC2E1A270BD9} = {827E0CD3-B72D-47B6-A68D-7590B98EB39B}
		{729A6B50-1CDA-47A5-B357-801A1EA7FF9B} = {0AB3BF05-4346-4AA6-1389-037BE0695223}
		{B3C1E6A2-7F0D-4A8E-9C21-5D6B7E4F2A10} = {0AB3BF05-4346-4AA6-1389-037BE0695223}
	EndGlobalSection
EndGlobal
